NeoBundleLock iceberg.vim bdd630fb15dca7793b04deaf1c1fb3a6af33ceae
NeoBundleLock lightline-iceberg 494802157a917f17597eaefd129d8293a5017fa8
NeoBundleLock lightline.vim 1eb403bf41d62810e073c7c654c937b5678f2abd
NeoBundleLock neobundle.vim 1306c131ff0a6cc094b7ff0727350e442b5427f1
NeoBundleLock surround.vim 324a8735bb82193a1a413e207dc1aaf60f3a1d82
NeoBundleLock vim-fugitive 27a5c3abd211c2784513dab4db082fa414ad0967
NeoBundleLock vim-gitgutter 51a03d4ae00882f0c46855bde6415bfab82f86f8
