NeoBundleLock iceberg.vim 8e9b8717121c1b9ce93bbf6ef3372e9a567abbcd
NeoBundleLock lightline-iceberg 494802157a917f17597eaefd129d8293a5017fa8
NeoBundleLock lightline.vim c9a30d450517ba0d7c0e7b0e224fd0029e3cf92a
NeoBundleLock neobundle.vim 1306c131ff0a6cc094b7ff0727350e442b5427f1
NeoBundleLock surround.vim 324a8735bb82193a1a413e207dc1aaf60f3a1d82
NeoBundleLock vim-easymotion dd7b4b526775bc8553e16bc402020573b04a948c
NeoBundleLock vim-fugitive 27a5c3abd211c2784513dab4db082fa414ad0967
NeoBundleLock vim-gitgutter c27bfab8c51e77419ee0c4a9c4e3ba359dbc2ad4
